
Microsoft Visual Studio Solution File, Format Version 12.00
# Visual Studio 15
VisualStudioVersion = 15.0.27004.2002
MinimumVisualStudioVersion = 10.0.40219.1
Project("{FAE04EC0-301F-11D3-BF4B-00C04F79EFBC}") = "ConsoleApp2", "ConsoleApp2\ConsoleApp2.csproj", "{1A4048EE-3FDB-4FDF-A88E-FDE8DE5F03CF}"
EndProject
Global
	GlobalSection(SolutionConfigurationPlatforms) = preSolution
		Debug|Any CPU = Debug|Any CPU
		Release|Any CPU = Release|Any CPU
	EndGlobalSection
	GlobalSection(ProjectConfigurationPlatforms) = postSolution
		{1A4048EE-3FDB-4FDF-A88E-FDE8DE5F03CF}.Debug|Any CPU.ActiveCfg = Debug|Any CPU
		{1A4048EE-3FDB-4FDF-A88E-FDE8DE5F03CF}.Debug|Any CPU.Build.0 = Debug|Any CPU
		{1A4048EE-3FDB-4FDF-A88E-FDE8DE5F03CF}.Release|Any CPU.ActiveCfg = Release|Any CPU
		{1A4048EE-3FDB-4FDF-A88E-FDE8DE5F03CF}.Release|Any CPU.Build.0 = Release|Any CPU
	EndGlobalSection
	GlobalSection(SolutionProperties) = preSolution
		HideSolutionNode = FALSE
	EndGlobalSection
	GlobalSection(ExtensibilityGlobals) = postSolution
		SolutionGuid = {D17E7DA3-F29B-4186-A59D-0982EECB4C8E}
	EndGlobalSection
EndGlobal
